// !$*UTF8*$!
{
	archiveVersion = 1;
	classes = {
	};
	objectVersion = 55;
	objects = {

/* Begin PBXBuildFile section */
		95452AA427DBA66000A47D81 /* config.swift in Sources */ = {isa = PBXBuildFile; fileRef = 95452AA327DBA66000A47D81 /* config.swift */; };
		95452AA627DBADB900A47D81 /* Capabilities.swift in Sources */ = {isa = PBXBuildFile; fileRef = 95452AA527DBADB900A47D81 /* Capabilities.swift */; };
		9599F7C727DA3FEA004CE99F /* ArgumentParser in Frameworks */ = {isa = PBXBuildFile; productRef = 9599F7C627DA3FEA004CE99F /* ArgumentParser */; };
		9599F7CA27DA400A004CE99F /* Swifter in Frameworks */ = {isa = PBXBuildFile; productRef = 9599F7C927DA400A004CE99F /* Swifter */; };
		9599F7CD27DA4020004CE99F /* MatrixClient in Frameworks */ = {isa = PBXBuildFile; productRef = 9599F7CC27DA4020004CE99F /* MatrixClient */; };
		9599F7D227DA40D1004CE99F /* mcc.swift in Sources */ = {isa = PBXBuildFile; fileRef = 9599F7D127DA40D1004CE99F /* mcc.swift */; };
		9599F7D927DA4149004CE99F /* AuthOptions.swift in Sources */ = {isa = PBXBuildFile; fileRef = 9599F7D627DA4149004CE99F /* AuthOptions.swift */; };
		9599F7DA27DA4149004CE99F /* Auth.swift in Sources */ = {isa = PBXBuildFile; fileRef = 9599F7D727DA4149004CE99F /* Auth.swift */; };
		9599F7DB27DA4149004CE99F /* Login.swift in Sources */ = {isa = PBXBuildFile; fileRef = 9599F7D827DA4149004CE99F /* Login.swift */; };
		9599F7DD27DA4153004CE99F /* Register.swift in Sources */ = {isa = PBXBuildFile; fileRef = 9599F7DC27DA4153004CE99F /* Register.swift */; };
		9599F7DF27DA4159004CE99F /* Register+Recaptcha.swift in Sources */ = {isa = PBXBuildFile; fileRef = 9599F7DE27DA4159004CE99F /* Register+Recaptcha.swift */; };
/* End PBXBuildFile section */

/* Begin PBXCopyFilesBuildPhase section */
		9599F7B927DA3FAF004CE99F /* CopyFiles */ = {
			isa = PBXCopyFilesBuildPhase;
			buildActionMask = 2147483647;
			dstPath = /usr/share/man/man1/;
			dstSubfolderSpec = 0;
			files = (
			);
			runOnlyForDeploymentPostprocessing = 1;
		};
/* End PBXCopyFilesBuildPhase section */

/* Begin PBXFileReference section */
		95452AA327DBA66000A47D81 /* config.swift */ = {isa = PBXFileReference; lastKnownFileType = sourcecode.swift; path = config.swift; sourceTree = "<group>"; };
		95452AA527DBADB900A47D81 /* Capabilities.swift */ = {isa = PBXFileReference; lastKnownFileType = sourcecode.swift; path = Capabilities.swift; sourceTree = "<group>"; };
		95452AA727DBB24D00A47D81 /* README.md */ = {isa = PBXFileReference; lastKnownFileType = net.daringfireball.markdown; path = README.md; sourceTree = "<group>"; };
		9599F7BB27DA3FAF004CE99F /* mcc */ = {isa = PBXFileReference; explicitFileType = "compiled.mach-o.executable"; includeInIndex = 0; path = mcc; sourceTree = BUILT_PRODUCTS_DIR; };
		9599F7CF27DA404B004CE99F /* MatrixCore */ = {isa = PBXFileReference; lastKnownFileType = wrapper; name = MatrixCore; path = ../MatrixCore; sourceTree = "<group>"; };
		9599F7D127DA40D1004CE99F /* mcc.swift */ = {isa = PBXFileReference; fileEncoding = 4; lastKnownFileType = sourcecode.swift; path = mcc.swift; sourceTree = "<group>"; };
		9599F7D627DA4149004CE99F /* AuthOptions.swift */ = {isa = PBXFileReference; fileEncoding = 4; lastKnownFileType = sourcecode.swift; path = AuthOptions.swift; sourceTree = "<group>"; };
		9599F7D727DA4149004CE99F /* Auth.swift */ = {isa = PBXFileReference; fileEncoding = 4; lastKnownFileType = sourcecode.swift; path = Auth.swift; sourceTree = "<group>"; };
		9599F7D827DA4149004CE99F /* Login.swift */ = {isa = PBXFileReference; fileEncoding = 4; lastKnownFileType = sourcecode.swift; path = Login.swift; sourceTree = "<group>"; };
		9599F7DC27DA4153004CE99F /* Register.swift */ = {isa = PBXFileReference; fileEncoding = 4; lastKnownFileType = sourcecode.swift; path = Register.swift; sourceTree = "<group>"; };
		9599F7DE27DA4159004CE99F /* Register+Recaptcha.swift */ = {isa = PBXFileReference; fileEncoding = 4; lastKnownFileType = sourcecode.swift; path = "Register+Recaptcha.swift"; sourceTree = "<group>"; };
/* End PBXFileReference section */

/* Begin PBXFrameworksBuildPhase section */
		9599F7B827DA3FAF004CE99F /* Frameworks */ = {
			isa = PBXFrameworksBuildPhase;
			buildActionMask = 2147483647;
			files = (
				9599F7CD27DA4020004CE99F /* MatrixClient in Frameworks */,
				9599F7C727DA3FEA004CE99F /* ArgumentParser in Frameworks */,
				9599F7CA27DA400A004CE99F /* Swifter in Frameworks */,
			);
			runOnlyForDeploymentPostprocessing = 0;
		};
/* End PBXFrameworksBuildPhase section */

/* Begin PBXGroup section */
		9599F7B227DA3FAF004CE99F = {
			isa = PBXGroup;
			children = (
				95452AA727DBB24D00A47D81 /* README.md */,
				9599F7BD27DA3FAF004CE99F /* mcc */,
				9599F7BC27DA3FAF004CE99F /* Products */,
				9599F7CE27DA404B004CE99F /* Frameworks */,
			);
			sourceTree = "<group>";
		};
		9599F7BC27DA3FAF004CE99F /* Products */ = {
			isa = PBXGroup;
			children = (
				9599F7BB27DA3FAF004CE99F /* mcc */,
			);
			name = Products;
			sourceTree = "<group>";
		};
		9599F7BD27DA3FAF004CE99F /* mcc */ = {
			isa = PBXGroup;
			children = (
				9599F7D527DA4137004CE99F /* auth */,
				9599F7D127DA40D1004CE99F /* mcc.swift */,
				95452AA327DBA66000A47D81 /* config.swift */,
				95452AA527DBADB900A47D81 /* Capabilities.swift */,
			);
			path = mcc;
			sourceTree = "<group>";
		};
		9599F7CE27DA404B004CE99F /* Frameworks */ = {
			isa = PBXGroup;
			children = (
				9599F7CF27DA404B004CE99F /* MatrixCore */,
			);
			name = Frameworks;
			sourceTree = "<group>";
		};
		9599F7D527DA4137004CE99F /* auth */ = {
			isa = PBXGroup;
			children = (
				9599F7D727DA4149004CE99F /* Auth.swift */,
				9599F7D627DA4149004CE99F /* AuthOptions.swift */,
				9599F7DE27DA4159004CE99F /* Register+Recaptcha.swift */,
				9599F7DC27DA4153004CE99F /* Register.swift */,
				9599F7D827DA4149004CE99F /* Login.swift */,
			);
			path = auth;
			sourceTree = "<group>";
		};
/* End PBXGroup section */

/* Begin PBXNativeTarget section */
		9599F7BA27DA3FAF004CE99F /* mcc */ = {
			isa = PBXNativeTarget;
			buildConfigurationList = 9599F7C227DA3FAF004CE99F /* Build configuration list for PBXNativeTarget "mcc" */;
			buildPhases = (
				9599F7B727DA3FAF004CE99F /* Sources */,
				9599F7B827DA3FAF004CE99F /* Frameworks */,
				9599F7B927DA3FAF004CE99F /* CopyFiles */,
			);
			buildRules = (
			);
			dependencies = (
			);
			name = mcc;
			packageProductDependencies = (
				9599F7C627DA3FEA004CE99F /* ArgumentParser */,
				9599F7C927DA400A004CE99F /* Swifter */,
				9599F7CC27DA4020004CE99F /* MatrixClient */,
			);
			productName = mcc;
			productReference = 9599F7BB27DA3FAF004CE99F /* mcc */;
			productType = "com.apple.product-type.tool";
		};
/* End PBXNativeTarget section */

/* Begin PBXProject section */
		9599F7B327DA3FAF004CE99F /* Project object */ = {
			isa = PBXProject;
			attributes = {
				BuildIndependentTargetsInParallel = 1;
				LastSwiftUpdateCheck = 1330;
				LastUpgradeCheck = 1330;
				TargetAttributes = {
					9599F7BA27DA3FAF004CE99F = {
						CreatedOnToolsVersion = 13.3;
						LastSwiftMigration = 1330;
					};
				};
			};
			buildConfigurationList = 9599F7B627DA3FAF004CE99F /* Build configuration list for PBXProject "mcc" */;
			compatibilityVersion = "Xcode 13.0";
			developmentRegion = en;
			hasScannedForEncodings = 0;
			knownRegions = (
				en,
				Base,
			);
			mainGroup = 9599F7B227DA3FAF004CE99F;
			packageReferences = (
				9599F7C527DA3FE9004CE99F /* XCRemoteSwiftPackageReference "swift-argument-parser" */,
				9599F7C827DA400A004CE99F /* XCRemoteSwiftPackageReference "swifter" */,
				9599F7CB27DA4020004CE99F /* XCRemoteSwiftPackageReference "MatrixCore" */,
			);
			productRefGroup = 9599F7BC27DA3FAF004CE99F /* Products */;
			projectDirPath = "";
			projectRoot = "";
			targets = (
				9599F7BA27DA3FAF004CE99F /* mcc */,
			);
		};
/* End PBXProject section */

/* Begin PBXSourcesBuildPhase section */
		9599F7B727DA3FAF004CE99F /* Sources */ = {
			isa = PBXSourcesBuildPhase;
			buildActionMask = 2147483647;
			files = (
				9599F7D927DA4149004CE99F /* AuthOptions.swift in Sources */,
				9599F7D227DA40D1004CE99F /* mcc.swift in Sources */,
				9599F7DF27DA4159004CE99F /* Register+Recaptcha.swift in Sources */,
				9599F7DA27DA4149004CE99F /* Auth.swift in Sources */,
				95452AA427DBA66000A47D81 /* config.swift in Sources */,
				9599F7DB27DA4149004CE99F /* Login.swift in Sources */,
				9599F7DD27DA4153004CE99F /* Register.swift in Sources */,
				95452AA627DBADB900A47D81 /* Capabilities.swift in Sources */,
			);
			runOnlyForDeploymentPostprocessing = 0;
		};
/* End PBXSourcesBuildPhase section */

/* Begin XCBuildConfiguration section */
		9599F7C027DA3FAF004CE99F /* Debug */ = {
			isa = XCBuildConfiguration;
			buildSettings = {
				ALWAYS_SEARCH_USER_PATHS = NO;
				CLANG_ANALYZER_NONNULL = YES;
				CLANG_ANALYZER_NUMBER_OBJECT_CONVERSION = YES_AGGRESSIVE;
				CLANG_CXX_LANGUAGE_STANDARD = "gnu++17";
				CLANG_ENABLE_MODULES = YES;
				CLANG_ENABLE_OBJC_ARC = YES;
				CLANG_ENABLE_OBJC_WEAK = YES;
				CLANG_WARN_BLOCK_CAPTURE_AUTORELEASING = YES;
				CLANG_WARN_BOOL_CONVERSION = YES;
				CLANG_WARN_COMMA = YES;
				CLANG_WARN_CONSTANT_CONVERSION = YES;
				CLANG_WARN_DEPRECATED_OBJC_IMPLEMENTATIONS = YES;
				CLANG_WARN_DIRECT_OBJC_ISA_USAGE = YES_ERROR;
				CLANG_WARN_DOCUMENTATION_COMMENTS = YES;
				CLANG_WARN_EMPTY_BODY = YES;
				CLANG_WARN_ENUM_CONVERSION = YES;
				CLANG_WARN_INFINITE_RECURSION = YES;
				CLANG_WARN_INT_CONVERSION = YES;
				CLANG_WARN_NON_LITERAL_NULL_CONVERSION = YES;
				CLANG_WARN_OBJC_IMPLICIT_RETAIN_SELF = YES;
				CLANG_WARN_OBJC_LITERAL_CONVERSION = YES;
				CLANG_WARN_OBJC_ROOT_CLASS = YES_ERROR;
				CLANG_WARN_QUOTED_INCLUDE_IN_FRAMEWORK_HEADER = YES;
				CLANG_WARN_RANGE_LOOP_ANALYSIS = YES;
				CLANG_WARN_STRICT_PROTOTYPES = YES;
				CLANG_WARN_SUSPICIOUS_MOVE = YES;
				CLANG_WARN_UNGUARDED_AVAILABILITY = YES_AGGRESSIVE;
				CLANG_WARN_UNREACHABLE_CODE = YES;
				CLANG_WARN__DUPLICATE_METHOD_MATCH = YES;
				COPY_PHASE_STRIP = NO;
				DEBUG_INFORMATION_FORMAT = dwarf;
				ENABLE_STRICT_OBJC_MSGSEND = YES;
				ENABLE_TESTABILITY = YES;
				GCC_C_LANGUAGE_STANDARD = gnu11;
				GCC_DYNAMIC_NO_PIC = NO;
				GCC_NO_COMMON_BLOCKS = YES;
				GCC_OPTIMIZATION_LEVEL = 0;
				GCC_PREPROCESSOR_DEFINITIONS = (
					"DEBUG=1",
					"$(inherited)",
				);
				GCC_WARN_64_TO_32_BIT_CONVERSION = YES;
				GCC_WARN_ABOUT_RETURN_TYPE = YES_ERROR;
				GCC_WARN_UNDECLARED_SELECTOR = YES;
				GCC_WARN_UNINITIALIZED_AUTOS = YES_AGGRESSIVE;
				GCC_WARN_UNUSED_FUNCTION = YES;
				GCC_WARN_UNUSED_VARIABLE = YES;
				MACOSX_DEPLOYMENT_TARGET = 12.2;
				MTL_ENABLE_DEBUG_INFO = INCLUDE_SOURCE;
				MTL_FAST_MATH = YES;
				ONLY_ACTIVE_ARCH = YES;
				SDKROOT = macosx;
				SWIFT_ACTIVE_COMPILATION_CONDITIONS = DEBUG;
				SWIFT_OPTIMIZATION_LEVEL = "-Onone";
			};
			name = Debug;
		};
		9599F7C127DA3FAF004CE99F /* Release */ = {
			isa = XCBuildConfiguration;
			buildSettings = {
				ALWAYS_SEARCH_USER_PATHS = NO;
				CLANG_ANALYZER_NONNULL = YES;
				CLANG_ANALYZER_NUMBER_OBJECT_CONVERSION = YES_AGGRESSIVE;
				CLANG_CXX_LANGUAGE_STANDARD = "gnu++17";
				CLANG_ENABLE_MODULES = YES;
				CLANG_ENABLE_OBJC_ARC = YES;
				CLANG_ENABLE_OBJC_WEAK = YES;
				CLANG_WARN_BLOCK_CAPTURE_AUTORELEASING = YES;
				CLANG_WARN_BOOL_CONVERSION = YES;
				CLANG_WARN_COMMA = YES;
				CLANG_WARN_CONSTANT_CONVERSION = YES;
				CLANG_WARN_DEPRECATED_OBJC_IMPLEMENTATIONS = YES;
				CLANG_WARN_DIRECT_OBJC_ISA_USAGE = YES_ERROR;
				CLANG_WARN_DOCUMENTATION_COMMENTS = YES;
				CLANG_WARN_EMPTY_BODY = YES;
				CLANG_WARN_ENUM_CONVERSION = YES;
				CLANG_WARN_INFINITE_RECURSION = YES;
				CLANG_WARN_INT_CONVERSION = YES;
				CLANG_WARN_NON_LITERAL_NULL_CONVERSION = YES;
				CLANG_WARN_OBJC_IMPLICIT_RETAIN_SELF = YES;
				CLANG_WARN_OBJC_LITERAL_CONVERSION = YES;
				CLANG_WARN_OBJC_ROOT_CLASS = YES_ERROR;
				CLANG_WARN_QUOTED_INCLUDE_IN_FRAMEWORK_HEADER = YES;
				CLANG_WARN_RANGE_LOOP_ANALYSIS = YES;
				CLANG_WARN_STRICT_PROTOTYPES = YES;
				CLANG_WARN_SUSPICIOUS_MOVE = YES;
				CLANG_WARN_UNGUARDED_AVAILABILITY = YES_AGGRESSIVE;
				CLANG_WARN_UNREACHABLE_CODE = YES;
				CLANG_WARN__DUPLICATE_METHOD_MATCH = YES;
				COPY_PHASE_STRIP = NO;
				DEBUG_INFORMATION_FORMAT = "dwarf-with-dsym";
				ENABLE_NS_ASSERTIONS = NO;
				ENABLE_STRICT_OBJC_MSGSEND = YES;
				GCC_C_LANGUAGE_STANDARD = gnu11;
				GCC_NO_COMMON_BLOCKS = YES;
				GCC_WARN_64_TO_32_BIT_CONVERSION = YES;
				GCC_WARN_ABOUT_RETURN_TYPE = YES_ERROR;
				GCC_WARN_UNDECLARED_SELECTOR = YES;
				GCC_WARN_UNINITIALIZED_AUTOS = YES_AGGRESSIVE;
				GCC_WARN_UNUSED_FUNCTION = YES;
				GCC_WARN_UNUSED_VARIABLE = YES;
				MACOSX_DEPLOYMENT_TARGET = 12.2;
				MTL_ENABLE_DEBUG_INFO = NO;
				MTL_FAST_MATH = YES;
				SDKROOT = macosx;
				SWIFT_COMPILATION_MODE = wholemodule;
				SWIFT_OPTIMIZATION_LEVEL = "-O";
			};
			name = Release;
		};
		9599F7C327DA3FAF004CE99F /* Debug */ = {
			isa = XCBuildConfiguration;
			buildSettings = {
				CLANG_ENABLE_MODULES = YES;
				CODE_SIGN_IDENTITY = "-";
				CODE_SIGN_STYLE = Automatic;
				DEVELOPMENT_TEAM = 3YM32478AN;
				ENABLE_HARDENED_RUNTIME = YES;
				LD_RUNPATH_SEARCH_PATHS = (
					"$(inherited)",
					"@executable_path/../Frameworks",
					"@loader_path/../Frameworks",
				);
				MACOSX_DEPLOYMENT_TARGET = 12.0;
				PRODUCT_NAME = "$(TARGET_NAME)";
				SWIFT_OPTIMIZATION_LEVEL = "-Onone";
				SWIFT_VERSION = 5.0;
			};
			name = Debug;
		};
		9599F7C427DA3FAF004CE99F /* Release */ = {
			isa = XCBuildConfiguration;
			buildSettings = {
				CLANG_ENABLE_MODULES = YES;
				CODE_SIGN_IDENTITY = "-";
				CODE_SIGN_STYLE = Automatic;
				DEVELOPMENT_TEAM = 3YM32478AN;
				ENABLE_HARDENED_RUNTIME = YES;
				LD_RUNPATH_SEARCH_PATHS = (
					"$(inherited)",
					"@executable_path/../Frameworks",
					"@loader_path/../Frameworks",
				);
				MACOSX_DEPLOYMENT_TARGET = 12.0;
				PRODUCT_NAME = "$(TARGET_NAME)";
				SWIFT_VERSION = 5.0;
			};
			name = Release;
		};
/* End XCBuildConfiguration section */

/* Begin XCConfigurationList section */
		9599F7B627DA3FAF004CE99F /* Build configuration list for PBXProject "mcc" */ = {
			isa = XCConfigurationList;
			buildConfigurations = (
				9599F7C027DA3FAF004CE99F /* Debug */,
				9599F7C127DA3FAF004CE99F /* Release */,
			);
			defaultConfigurationIsVisible = 0;
			defaultConfigurationName = Release;
		};
		9599F7C227DA3FAF004CE99F /* Build configuration list for PBXNativeTarget "mcc" */ = {
			isa = XCConfigurationList;
			buildConfigurations = (
				9599F7C327DA3FAF004CE99F /* Debug */,
				9599F7C427DA3FAF004CE99F /* Release */,
			);
			defaultConfigurationIsVisible = 0;
			defaultConfigurationName = Release;
		};
/* End XCConfigurationList section */

/* Begin XCRemoteSwiftPackageReference section */
		9599F7C527DA3FE9004CE99F /* XCRemoteSwiftPackageReference "swift-argument-parser" */ = {
			isa = XCRemoteSwiftPackageReference;
			repositoryURL = "https://github.com/apple/swift-argument-parser.git";
			requirement = {
				branch = 34aff6b87d5a788fe6441248d82db905f43c9b50;
				kind = branch;
			};
		};
		9599F7C827DA400A004CE99F /* XCRemoteSwiftPackageReference "swifter" */ = {
			isa = XCRemoteSwiftPackageReference;
			repositoryURL = "https://github.com/httpswift/swifter.git";
			requirement = {
				kind = upToNextMajorVersion;
				minimumVersion = 1.5.0;
			};
		};
		9599F7CB27DA4020004CE99F /* XCRemoteSwiftPackageReference "MatrixCore" */ = {
			isa = XCRemoteSwiftPackageReference;
			repositoryURL = "https://github.com/MatrixCore/MatrixCore";
			requirement = {
				branch = main;
				kind = branch;
			};
		};
/* End XCRemoteSwiftPackageReference section */

/* Begin XCSwiftPackageProductDependency section */
		9599F7C627DA3FEA004CE99F /* ArgumentParser */ = {
			isa = XCSwiftPackageProductDependency;
			package = 9599F7C527DA3FE9004CE99F /* XCRemoteSwiftPackageReference "swift-argument-parser" */;
			productName = ArgumentParser;
		};
		9599F7C927DA400A004CE99F /* Swifter */ = {
			isa = XCSwiftPackageProductDependency;
			package = 9599F7C827DA400A004CE99F /* XCRemoteSwiftPackageReference "swifter" */;
			productName = Swifter;
		};
		9599F7CC27DA4020004CE99F /* MatrixClient */ = {
			isa = XCSwiftPackageProductDependency;
			package = 9599F7CB27DA4020004CE99F /* XCRemoteSwiftPackageReference "MatrixCore" */;
			productName = MatrixClient;
		};
/* End XCSwiftPackageProductDependency section */
	};
	rootObject = 9599F7B327DA3FAF004CE99F /* Project object */;
}
